
Microsoft Visual Studio Solution File, Format Version 12.00
# Visual Studio Version 17
VisualStudioVersion = 17.8.34330.188
MinimumVisualStudioVersion = 10.0.40219.1
Project("{FAE04EC0-301F-11D3-BF4B-00C04F79EFBC}") = "WA_1_1", "WA_1_1\WA_1_1.csproj", "{B627EA75-4448-41D3-9393-14ABF9B55B57}"
EndProject
Global
	GlobalSection(SolutionConfigurationPlatforms) = preSolution
		Debug|Any CPU = Debug|Any CPU
		Release|Any CPU = Release|Any CPU
	EndGlobalSection
	GlobalSection(ProjectConfigurationPlatforms) = postSolution
		{B627EA75-4448-41D3-9393-14ABF9B55B57}.Debug|Any CPU.ActiveCfg = Debug|Any CPU
		{B627EA75-4448-41D3-9393-14ABF9B55B57}.Debug|Any CPU.Build.0 = Debug|Any CPU
		{B627EA75-4448-41D3-9393-14ABF9B55B57}.Release|Any CPU.ActiveCfg = Release|Any CPU
		{B627EA75-4448-41D3-9393-14ABF9B55B57}.Release|Any CPU.Build.0 = Release|Any CPU
	EndGlobalSection
	GlobalSection(SolutionProperties) = preSolution
		HideSolutionNode = FALSE
	EndGlobalSection
	GlobalSection(ExtensibilityGlobals) = postSolution
		SolutionGuid = {30B00EB7-7B7C-44E1-970F-3AEE7E3316DB}
	EndGlobalSection
EndGlobal
